// !$*UTF8*$!
{
	archiveVersion = 1;
	classes = {
	};
	objectVersion = 48;
	objects = {

/* Begin PBXBuildFile section */
		EC5718B2202BF3F00071F4FC /* IRenderingEngine.cpp in Sources */ = {isa = PBXBuildFile; fileRef = EC5718B0202BF3F00071F4FC /* IRenderingEngine.cpp */; };
		EC7E5B4E201EB50400BAB2F1 /* AppDelegate.m in Sources */ = {isa = PBXBuildFile; fileRef = EC7E5B4D201EB50400BAB2F1 /* AppDelegate.m */; };
		EC7E5B51201EB50400BAB2F1 /* ViewController.m in Sources */ = {isa = PBXBuildFile; fileRef = EC7E5B50201EB50400BAB2F1 /* ViewController.m */; };
		EC7E5B54201EB50400BAB2F1 /* Main.storyboard in Resources */ = {isa = PBXBuildFile; fileRef = EC7E5B52201EB50400BAB2F1 /* Main.storyboard */; };
		EC7E5B56201EB50400BAB2F1 /* Assets.xcassets in Resources */ = {isa = PBXBuildFile; fileRef = EC7E5B55201EB50400BAB2F1 /* Assets.xcassets */; };
		EC7E5B59201EB50400BAB2F1 /* LaunchScreen.storyboard in Resources */ = {isa = PBXBuildFile; fileRef = EC7E5B57201EB50400BAB2F1 /* LaunchScreen.storyboard */; };
		EC7E5B5C201EB50400BAB2F1 /* main.m in Sources */ = {isa = PBXBuildFile; fileRef = EC7E5B5B201EB50400BAB2F1 /* main.m */; };
		EC7E5B65201EB7D300BAB2F1 /* GLView.mm in Sources */ = {isa = PBXBuildFile; fileRef = EC7E5B64201EB7D300BAB2F1 /* GLView.mm */; };
		EC7E5B6C202002B400BAB2F1 /* OpenGLES.framework in Frameworks */ = {isa = PBXBuildFile; fileRef = EC7E5B6B202002B400BAB2F1 /* OpenGLES.framework */; };
		EC7E5B6E202002BA00BAB2F1 /* QuartzCore.framework in Frameworks */ = {isa = PBXBuildFile; fileRef = EC7E5B6D202002BA00BAB2F1 /* QuartzCore.framework */; };
		EC7E5B712020039F00BAB2F1 /* SimpleFragment.glsl in Resources */ = {isa = PBXBuildFile; fileRef = EC7E5B6F2020039E00BAB2F1 /* SimpleFragment.glsl */; };
		EC7E5B722020039F00BAB2F1 /* SimpleVertex.glsl in Resources */ = {isa = PBXBuildFile; fileRef = EC7E5B702020039F00BAB2F1 /* SimpleVertex.glsl */; };
		EC7E5B8420200EFA00BAB2F1 /* CC3Foundation.m in Sources */ = {isa = PBXBuildFile; fileRef = EC7E5B7B20200EFA00BAB2F1 /* CC3Foundation.m */; settings = {COMPILER_FLAGS = "-fno-objc-arc"; }; };
		EC7E5B8520200EFA00BAB2F1 /* CC3Kazmath.c in Sources */ = {isa = PBXBuildFile; fileRef = EC7E5B7D20200EFA00BAB2F1 /* CC3Kazmath.c */; settings = {COMPILER_FLAGS = "-fno-objc-arc"; }; };
		EC7E5B8620200EFA00BAB2F1 /* CC3Math.m in Sources */ = {isa = PBXBuildFile; fileRef = EC7E5B7E20200EFA00BAB2F1 /* CC3Math.m */; settings = {COMPILER_FLAGS = "-fno-objc-arc"; }; };
		EC7E5B8720200EFA00BAB2F1 /* CC3GLMatrix.m in Sources */ = {isa = PBXBuildFile; fileRef = EC7E5B7F20200EFA00BAB2F1 /* CC3GLMatrix.m */; settings = {COMPILER_FLAGS = "-fno-objc-arc"; }; };
/* End PBXBuildFile section */

/* Begin PBXFileReference section */
		EC5718B0202BF3F00071F4FC /* IRenderingEngine.cpp */ = {isa = PBXFileReference; lastKnownFileType = sourcecode.cpp.cpp; path = IRenderingEngine.cpp; sourceTree = "<group>"; };
		EC5718B1202BF3F00071F4FC /* IRenderingEngine.hpp */ = {isa = PBXFileReference; lastKnownFileType = sourcecode.cpp.h; path = IRenderingEngine.hpp; sourceTree = "<group>"; };
		EC5718B3202C56D60071F4FC /* Matrix.hpp */ = {isa = PBXFileReference; fileEncoding = 4; lastKnownFileType = sourcecode.cpp.h; path = Matrix.hpp; sourceTree = "<group>"; };
		EC5718B4202C56D60071F4FC /* Quaternion.hpp */ = {isa = PBXFileReference; fileEncoding = 4; lastKnownFileType = sourcecode.cpp.h; path = Quaternion.hpp; sourceTree = "<group>"; };
		EC5718B5202C56D60071F4FC /* Vector.hpp */ = {isa = PBXFileReference; fileEncoding = 4; lastKnownFileType = sourcecode.cpp.h; path = Vector.hpp; sourceTree = "<group>"; };
		EC7E5B49201EB50400BAB2F1 /* Ch1.app */ = {isa = PBXFileReference; explicitFileType = wrapper.application; includeInIndex = 0; path = Ch1.app; sourceTree = BUILT_PRODUCTS_DIR; };
		EC7E5B4C201EB50400BAB2F1 /* AppDelegate.h */ = {isa = PBXFileReference; lastKnownFileType = sourcecode.c.h; path = AppDelegate.h; sourceTree = "<group>"; };
		EC7E5B4D201EB50400BAB2F1 /* AppDelegate.m */ = {isa = PBXFileReference; lastKnownFileType = sourcecode.c.objc; path = AppDelegate.m; sourceTree = "<group>"; };
		EC7E5B4F201EB50400BAB2F1 /* ViewController.h */ = {isa = PBXFileReference; lastKnownFileType = sourcecode.c.h; path = ViewController.h; sourceTree = "<group>"; };
		EC7E5B50201EB50400BAB2F1 /* ViewController.m */ = {isa = PBXFileReference; lastKnownFileType = sourcecode.c.objc; path = ViewController.m; sourceTree = "<group>"; };
		EC7E5B53201EB50400BAB2F1 /* Base */ = {isa = PBXFileReference; lastKnownFileType = file.storyboard; name = Base; path = Base.lproj/Main.storyboard; sourceTree = "<group>"; };
		EC7E5B55201EB50400BAB2F1 /* Assets.xcassets */ = {isa = PBXFileReference; lastKnownFileType = folder.assetcatalog; path = Assets.xcassets; sourceTree = "<group>"; };
		EC7E5B58201EB50400BAB2F1 /* Base */ = {isa = PBXFileReference; lastKnownFileType = file.storyboard; name = Base; path = Base.lproj/LaunchScreen.storyboard; sourceTree = "<group>"; };
		EC7E5B5A201EB50400BAB2F1 /* Info.plist */ = {isa = PBXFileReference; lastKnownFileType = text.plist.xml; path = Info.plist; sourceTree = "<group>"; };
		EC7E5B5B201EB50400BAB2F1 /* main.m */ = {isa = PBXFileReference; lastKnownFileType = sourcecode.c.objc; path = main.m; sourceTree = "<group>"; };
		EC7E5B63201EB7D300BAB2F1 /* GLView.h */ = {isa = PBXFileReference; lastKnownFileType = sourcecode.c.h; path = GLView.h; sourceTree = "<group>"; };
		EC7E5B64201EB7D300BAB2F1 /* GLView.mm */ = {isa = PBXFileReference; lastKnownFileType = sourcecode.cpp.objcpp; path = GLView.mm; sourceTree = "<group>"; };
		EC7E5B6B202002B400BAB2F1 /* OpenGLES.framework */ = {isa = PBXFileReference; lastKnownFileType = wrapper.framework; name = OpenGLES.framework; path = System/Library/Frameworks/OpenGLES.framework; sourceTree = SDKROOT; };
		EC7E5B6D202002BA00BAB2F1 /* QuartzCore.framework */ = {isa = PBXFileReference; lastKnownFileType = wrapper.framework; name = QuartzCore.framework; path = System/Library/Frameworks/QuartzCore.framework; sourceTree = SDKROOT; };
		EC7E5B6F2020039E00BAB2F1 /* SimpleFragment.glsl */ = {isa = PBXFileReference; fileEncoding = 4; lastKnownFileType = text; path = SimpleFragment.glsl; sourceTree = "<group>"; };
		EC7E5B702020039F00BAB2F1 /* SimpleVertex.glsl */ = {isa = PBXFileReference; fileEncoding = 4; lastKnownFileType = text; path = SimpleVertex.glsl; sourceTree = "<group>"; };
		EC7E5B7A20200EFA00BAB2F1 /* CC3GLMatrix.h */ = {isa = PBXFileReference; fileEncoding = 4; lastKnownFileType = sourcecode.c.h; path = CC3GLMatrix.h; sourceTree = "<group>"; };
		EC7E5B7B20200EFA00BAB2F1 /* CC3Foundation.m */ = {isa = PBXFileReference; fileEncoding = 4; lastKnownFileType = sourcecode.c.objc; path = CC3Foundation.m; sourceTree = "<group>"; };
		EC7E5B7C20200EFA00BAB2F1 /* ccTypes.h */ = {isa = PBXFileReference; fileEncoding = 4; lastKnownFileType = sourcecode.c.h; path = ccTypes.h; sourceTree = "<group>"; };
		EC7E5B7D20200EFA00BAB2F1 /* CC3Kazmath.c */ = {isa = PBXFileReference; fileEncoding = 4; lastKnownFileType = sourcecode.c.c; path = CC3Kazmath.c; sourceTree = "<group>"; };
		EC7E5B7E20200EFA00BAB2F1 /* CC3Math.m */ = {isa = PBXFileReference; fileEncoding = 4; lastKnownFileType = sourcecode.c.objc; path = CC3Math.m; sourceTree = "<group>"; };
		EC7E5B7F20200EFA00BAB2F1 /* CC3GLMatrix.m */ = {isa = PBXFileReference; fileEncoding = 4; lastKnownFileType = sourcecode.c.objc; path = CC3GLMatrix.m; sourceTree = "<group>"; };
		EC7E5B8020200EFA00BAB2F1 /* CC3Math.h */ = {isa = PBXFileReference; fileEncoding = 4; lastKnownFileType = sourcecode.c.h; path = CC3Math.h; sourceTree = "<group>"; };
		EC7E5B8120200EFA00BAB2F1 /* CC3Logging.h */ = {isa = PBXFileReference; fileEncoding = 4; lastKnownFileType = sourcecode.c.h; path = CC3Logging.h; sourceTree = "<group>"; };
		EC7E5B8220200EFA00BAB2F1 /* CC3Kazmath.h */ = {isa = PBXFileReference; fileEncoding = 4; lastKnownFileType = sourcecode.c.h; path = CC3Kazmath.h; sourceTree = "<group>"; };
		EC7E5B8320200EFA00BAB2F1 /* CC3Foundation.h */ = {isa = PBXFileReference; fileEncoding = 4; lastKnownFileType = sourcecode.c.h; path = CC3Foundation.h; sourceTree = "<group>"; };
/* End PBXFileReference section */

/* Begin PBXFrameworksBuildPhase section */
		EC7E5B46201EB50400BAB2F1 /* Frameworks */ = {
			isa = PBXFrameworksBuildPhase;
			buildActionMask = 2147483647;
			files = (
				EC7E5B6E202002BA00BAB2F1 /* QuartzCore.framework in Frameworks */,
				EC7E5B6C202002B400BAB2F1 /* OpenGLES.framework in Frameworks */,
			);
			runOnlyForDeploymentPostprocessing = 0;
		};
/* End PBXFrameworksBuildPhase section */

/* Begin PBXGroup section */
		EC7E5B40201EB50400BAB2F1 = {
			isa = PBXGroup;
			children = (
				EC7E5B4B201EB50400BAB2F1 /* Ch1 */,
				EC7E5B4A201EB50400BAB2F1 /* Products */,
				EC7E5B6A202002B400BAB2F1 /* Frameworks */,
			);
			sourceTree = "<group>";
		};
		EC7E5B4A201EB50400BAB2F1 /* Products */ = {
			isa = PBXGroup;
			children = (
				EC7E5B49201EB50400BAB2F1 /* Ch1.app */,
			);
			name = Products;
			sourceTree = "<group>";
		};
		EC7E5B4B201EB50400BAB2F1 /* Ch1 */ = {
			isa = PBXGroup;
			children = (
				EC7E5B7920200EFA00BAB2F1 /* Cocos3DMathLib */,
				EC7E5B62201EB75600BAB2F1 /* resource */,
				EC7E5B4C201EB50400BAB2F1 /* AppDelegate.h */,
				EC7E5B4D201EB50400BAB2F1 /* AppDelegate.m */,
				EC7E5B4F201EB50400BAB2F1 /* ViewController.h */,
				EC7E5B50201EB50400BAB2F1 /* ViewController.m */,
				EC7E5B52201EB50400BAB2F1 /* Main.storyboard */,
				EC7E5B55201EB50400BAB2F1 /* Assets.xcassets */,
				EC7E5B57201EB50400BAB2F1 /* LaunchScreen.storyboard */,
				EC7E5B5A201EB50400BAB2F1 /* Info.plist */,
				EC7E5B5B201EB50400BAB2F1 /* main.m */,
				EC7E5B63201EB7D300BAB2F1 /* GLView.h */,
				EC7E5B64201EB7D300BAB2F1 /* GLView.mm */,
				EC7E5B6F2020039E00BAB2F1 /* SimpleFragment.glsl */,
				EC7E5B702020039F00BAB2F1 /* SimpleVertex.glsl */,
				EC5718B0202BF3F00071F4FC /* IRenderingEngine.cpp */,
				EC5718B1202BF3F00071F4FC /* IRenderingEngine.hpp */,
				EC5718B3202C56D60071F4FC /* Matrix.hpp */,
				EC5718B4202C56D60071F4FC /* Quaternion.hpp */,
				EC5718B5202C56D60071F4FC /* Vector.hpp */,
			);
			path = Ch1;
			sourceTree = "<group>";
		};
		EC7E5B62201EB75600BAB2F1 /* resource */ = {
			isa = PBXGroup;
			children = (
			);
			path = resource;
			sourceTree = "<group>";
		};
		EC7E5B6A202002B400BAB2F1 /* Frameworks */ = {
			isa = PBXGroup;
			children = (
				EC7E5B6D202002BA00BAB2F1 /* QuartzCore.framework */,
				EC7E5B6B202002B400BAB2F1 /* OpenGLES.framework */,
			);
			name = Frameworks;
			sourceTree = "<group>";
		};
		EC7E5B7920200EFA00BAB2F1 /* Cocos3DMathLib */ = {
			isa = PBXGroup;
			children = (
				EC7E5B7A20200EFA00BAB2F1 /* CC3GLMatrix.h */,
				EC7E5B7B20200EFA00BAB2F1 /* CC3Foundation.m */,
				EC7E5B7C20200EFA00BAB2F1 /* ccTypes.h */,
				EC7E5B7D20200EFA00BAB2F1 /* CC3Kazmath.c */,
				EC7E5B7E20200EFA00BAB2F1 /* CC3Math.m */,
				EC7E5B7F20200EFA00BAB2F1 /* CC3GLMatrix.m */,
				EC7E5B8020200EFA00BAB2F1 /* CC3Math.h */,
				EC7E5B8120200EFA00BAB2F1 /* CC3Logging.h */,
				EC7E5B8220200EFA00BAB2F1 /* CC3Kazmath.h */,
				EC7E5B8320200EFA00BAB2F1 /* CC3Foundation.h */,
			);
			path = Cocos3DMathLib;
			sourceTree = "<group>";
		};
/* End PBXGroup section */

/* Begin PBXNativeTarget section */
		EC7E5B48201EB50400BAB2F1 /* Ch1 */ = {
			isa = PBXNativeTarget;
			buildConfigurationList = EC7E5B5F201EB50400BAB2F1 /* Build configuration list for PBXNativeTarget "Ch1" */;
			buildPhases = (
				EC7E5B45201EB50400BAB2F1 /* Sources */,
				EC7E5B46201EB50400BAB2F1 /* Frameworks */,
				EC7E5B47201EB50400BAB2F1 /* Resources */,
			);
			buildRules = (
			);
			dependencies = (
			);
			name = Ch1;
			productName = Ch1;
			productReference = EC7E5B49201EB50400BAB2F1 /* Ch1.app */;
			productType = "com.apple.product-type.application";
		};
/* End PBXNativeTarget section */

/* Begin PBXProject section */
		EC7E5B41201EB50400BAB2F1 /* Project object */ = {
			isa = PBXProject;
			attributes = {
				LastUpgradeCheck = 0920;
				ORGANIZATIONNAME = "tomy yao";
				TargetAttributes = {
					EC7E5B48201EB50400BAB2F1 = {
						CreatedOnToolsVersion = 9.2;
						ProvisioningStyle = Automatic;
					};
				};
			};
			buildConfigurationList = EC7E5B44201EB50400BAB2F1 /* Build configuration list for PBXProject "Ch1" */;
			compatibilityVersion = "Xcode 8.0";
			developmentRegion = en;
			hasScannedForEncodings = 0;
			knownRegions = (
				en,
				Base,
			);
			mainGroup = EC7E5B40201EB50400BAB2F1;
			productRefGroup = EC7E5B4A201EB50400BAB2F1 /* Products */;
			projectDirPath = "";
			projectRoot = "";
			targets = (
				EC7E5B48201EB50400BAB2F1 /* Ch1 */,
			);
		};
/* End PBXProject section */

/* Begin PBXResourcesBuildPhase section */
		EC7E5B47201EB50400BAB2F1 /* Resources */ = {
			isa = PBXResourcesBuildPhase;
			buildActionMask = 2147483647;
			files = (
				EC7E5B59201EB50400BAB2F1 /* LaunchScreen.storyboard in Resources */,
				EC7E5B712020039F00BAB2F1 /* SimpleFragment.glsl in Resources */,
				EC7E5B722020039F00BAB2F1 /* SimpleVertex.glsl in Resources */,
				EC7E5B56201EB50400BAB2F1 /* Assets.xcassets in Resources */,
				EC7E5B54201EB50400BAB2F1 /* Main.storyboard in Resources */,
			);
			runOnlyForDeploymentPostprocessing = 0;
		};
/* End PBXResourcesBuildPhase section */

/* Begin PBXSourcesBuildPhase section */
		EC7E5B45201EB50400BAB2F1 /* Sources */ = {
			isa = PBXSourcesBuildPhase;
			buildActionMask = 2147483647;
			files = (
				EC7E5B8520200EFA00BAB2F1 /* CC3Kazmath.c in Sources */,
				EC5718B2202BF3F00071F4FC /* IRenderingEngine.cpp in Sources */,
				EC7E5B8720200EFA00BAB2F1 /* CC3GLMatrix.m in Sources */,
				EC7E5B51201EB50400BAB2F1 /* ViewController.m in Sources */,
				EC7E5B65201EB7D300BAB2F1 /* GLView.mm in Sources */,
				EC7E5B5C201EB50400BAB2F1 /* main.m in Sources */,
				EC7E5B8420200EFA00BAB2F1 /* CC3Foundation.m in Sources */,
				EC7E5B8620200EFA00BAB2F1 /* CC3Math.m in Sources */,
				EC7E5B4E201EB50400BAB2F1 /* AppDelegate.m in Sources */,
			);
			runOnlyForDeploymentPostprocessing = 0;
		};
/* End PBXSourcesBuildPhase section */

/* Begin PBXVariantGroup section */
		EC7E5B52201EB50400BAB2F1 /* Main.storyboard */ = {
			isa = PBXVariantGroup;
			children = (
				EC7E5B53201EB50400BAB2F1 /* Base */,
			);
			name = Main.storyboard;
			sourceTree = "<group>";
		};
		EC7E5B57201EB50400BAB2F1 /* LaunchScreen.storyboard */ = {
			isa = PBXVariantGroup;
			children = (
				EC7E5B58201EB50400BAB2F1 /* Base */,
			);
			name = LaunchScreen.storyboard;
			sourceTree = "<group>";
		};
/* End PBXVariantGroup section */

/* Begin XCBuildConfiguration section */
		EC7E5B5D201EB50400BAB2F1 /* Debug */ = {
			isa = XCBuildConfiguration;
			buildSettings = {
				ALWAYS_SEARCH_USER_PATHS = NO;
				CLANG_ANALYZER_NONNULL = YES;
				CLANG_ANALYZER_NUMBER_OBJECT_CONVERSION = YES_AGGRESSIVE;
				CLANG_CXX_LANGUAGE_STANDARD = "gnu++14";
				CLANG_CXX_LIBRARY = "libc++";
				CLANG_ENABLE_MODULES = YES;
				CLANG_ENABLE_OBJC_ARC = YES;
				CLANG_WARN_BLOCK_CAPTURE_AUTORELEASING = YES;
				CLANG_WARN_BOOL_CONVERSION = YES;
				CLANG_WARN_COMMA = YES;
				CLANG_WARN_CONSTANT_CONVERSION = YES;
				CLANG_WARN_DIRECT_OBJC_ISA_USAGE = YES_ERROR;
				CLANG_WARN_DOCUMENTATION_COMMENTS = YES;
				CLANG_WARN_EMPTY_BODY = YES;
				CLANG_WARN_ENUM_CONVERSION = YES;
				CLANG_WARN_INFINITE_RECURSION = YES;
				CLANG_WARN_INT_CONVERSION = YES;
				CLANG_WARN_NON_LITERAL_NULL_CONVERSION = YES;
				CLANG_WARN_OBJC_LITERAL_CONVERSION = YES;
				CLANG_WARN_OBJC_ROOT_CLASS = YES_ERROR;
				CLANG_WARN_RANGE_LOOP_ANALYSIS = YES;
				CLANG_WARN_STRICT_PROTOTYPES = YES;
				CLANG_WARN_SUSPICIOUS_MOVE = YES;
				CLANG_WARN_UNGUARDED_AVAILABILITY = YES_AGGRESSIVE;
				CLANG_WARN_UNREACHABLE_CODE = YES;
				CLANG_WARN__DUPLICATE_METHOD_MATCH = YES;
				CODE_SIGN_IDENTITY = "iPhone Developer";
				COPY_PHASE_STRIP = NO;
				DEBUG_INFORMATION_FORMAT = dwarf;
				ENABLE_STRICT_OBJC_MSGSEND = YES;
				ENABLE_TESTABILITY = YES;
				GCC_C_LANGUAGE_STANDARD = gnu11;
				GCC_DYNAMIC_NO_PIC = NO;
				GCC_NO_COMMON_BLOCKS = YES;
				GCC_OPTIMIZATION_LEVEL = 0;
				GCC_PREPROCESSOR_DEFINITIONS = (
					"DEBUG=1",
					"$(inherited)",
				);
				GCC_WARN_64_TO_32_BIT_CONVERSION = YES;
				GCC_WARN_ABOUT_RETURN_TYPE = YES_ERROR;
				GCC_WARN_UNDECLARED_SELECTOR = YES;
				GCC_WARN_UNINITIALIZED_AUTOS = YES_AGGRESSIVE;
				GCC_WARN_UNUSED_FUNCTION = YES;
				GCC_WARN_UNUSED_VARIABLE = YES;
				IPHONEOS_DEPLOYMENT_TARGET = 11.2;
				MTL_ENABLE_DEBUG_INFO = YES;
				ONLY_ACTIVE_ARCH = YES;
				SDKROOT = iphoneos;
			};
			name = Debug;
		};
		EC7E5B5E201EB50400BAB2F1 /* Release */ = {
			isa = XCBuildConfiguration;
			buildSettings = {
				ALWAYS_SEARCH_USER_PATHS = NO;
				CLANG_ANALYZER_NONNULL = YES;
				CLANG_ANALYZER_NUMBER_OBJECT_CONVERSION = YES_AGGRESSIVE;
				CLANG_CXX_LANGUAGE_STANDARD = "gnu++14";
				CLANG_CXX_LIBRARY = "libc++";
				CLANG_ENABLE_MODULES = YES;
				CLANG_ENABLE_OBJC_ARC = YES;
				CLANG_WARN_BLOCK_CAPTURE_AUTORELEASING = YES;
				CLANG_WARN_BOOL_CONVERSION = YES;
				CLANG_WARN_COMMA = YES;
				CLANG_WARN_CONSTANT_CONVERSION = YES;
				CLANG_WARN_DIRECT_OBJC_ISA_USAGE = YES_ERROR;
				CLANG_WARN_DOCUMENTATION_COMMENTS = YES;
				CLANG_WARN_EMPTY_BODY = YES;
				CLANG_WARN_ENUM_CONVERSION = YES;
				CLANG_WARN_INFINITE_RECURSION = YES;
				CLANG_WARN_INT_CONVERSION = YES;
				CLANG_WARN_NON_LITERAL_NULL_CONVERSION = YES;
				CLANG_WARN_OBJC_LITERAL_CONVERSION = YES;
				CLANG_WARN_OBJC_ROOT_CLASS = YES_ERROR;
				CLANG_WARN_RANGE_LOOP_ANALYSIS = YES;
				CLANG_WARN_STRICT_PROTOTYPES = YES;
				CLANG_WARN_SUSPICIOUS_MOVE = YES;
				CLANG_WARN_UNGUARDED_AVAILABILITY = YES_AGGRESSIVE;
				CLANG_WARN_UNREACHABLE_CODE = YES;
				CLANG_WARN__DUPLICATE_METHOD_MATCH = YES;
				CODE_SIGN_IDENTITY = "iPhone Developer";
				COPY_PHASE_STRIP = NO;
				DEBUG_INFORMATION_FORMAT = "dwarf-with-dsym";
				ENABLE_NS_ASSERTIONS = NO;
				ENABLE_STRICT_OBJC_MSGSEND = YES;
				GCC_C_LANGUAGE_STANDARD = gnu11;
				GCC_NO_COMMON_BLOCKS = YES;
				GCC_WARN_64_TO_32_BIT_CONVERSION = YES;
				GCC_WARN_ABOUT_RETURN_TYPE = YES_ERROR;
				GCC_WARN_UNDECLARED_SELECTOR = YES;
				GCC_WARN_UNINITIALIZED_AUTOS = YES_AGGRESSIVE;
				GCC_WARN_UNUSED_FUNCTION = YES;
				GCC_WARN_UNUSED_VARIABLE = YES;
				IPHONEOS_DEPLOYMENT_TARGET = 11.2;
				MTL_ENABLE_DEBUG_INFO = NO;
				SDKROOT = iphoneos;
				VALIDATE_PRODUCT = YES;
			};
			name = Release;
		};
		EC7E5B60201EB50400BAB2F1 /* Debug */ = {
			isa = XCBuildConfiguration;
			buildSettings = {
				ASSETCATALOG_COMPILER_APPICON_NAME = AppIcon;
				CODE_SIGN_STYLE = Automatic;
				INFOPLIST_FILE = Ch1/Info.plist;
				LD_RUNPATH_SEARCH_PATHS = "$(inherited) @executable_path/Frameworks";
				PRODUCT_BUNDLE_IDENTIFIER = guide.Ch1;
				PRODUCT_NAME = "$(TARGET_NAME)";
				TARGETED_DEVICE_FAMILY = "1,2";
			};
			name = Debug;
		};
		EC7E5B61201EB50400BAB2F1 /* Release */ = {
			isa = XCBuildConfiguration;
			buildSettings = {
				ASSETCATALOG_COMPILER_APPICON_NAME = AppIcon;
				CODE_SIGN_STYLE = Automatic;
				INFOPLIST_FILE = Ch1/Info.plist;
				LD_RUNPATH_SEARCH_PATHS = "$(inherited) @executable_path/Frameworks";
				PRODUCT_BUNDLE_IDENTIFIER = guide.Ch1;
				PRODUCT_NAME = "$(TARGET_NAME)";
				TARGETED_DEVICE_FAMILY = "1,2";
			};
			name = Release;
		};
/* End XCBuildConfiguration section */

/* Begin XCConfigurationList section */
		EC7E5B44201EB50400BAB2F1 /* Build configuration list for PBXProject "Ch1" */ = {
			isa = XCConfigurationList;
			buildConfigurations = (
				EC7E5B5D201EB50400BAB2F1 /* Debug */,
				EC7E5B5E201EB50400BAB2F1 /* Release */,
			);
			defaultConfigurationIsVisible = 0;
			defaultConfigurationName = Release;
		};
		EC7E5B5F201EB50400BAB2F1 /* Build configuration list for PBXNativeTarget "Ch1" */ = {
			isa = XCConfigurationList;
			buildConfigurations = (
				EC7E5B60201EB50400BAB2F1 /* Debug */,
				EC7E5B61201EB50400BAB2F1 /* Release */,
			);
			defaultConfigurationIsVisible = 0;
			defaultConfigurationName = Release;
		};
/* End XCConfigurationList section */
	};
	rootObject = EC7E5B41201EB50400BAB2F1 /* Project object */;
}
